
Microsoft Visual Studio Solution File, Format Version 12.00
# Visual Studio Version 16
VisualStudioVersion = 16.0.31105.61
MinimumVisualStudioVersion = 10.0.40219.1
Project("{FAE04EC0-301F-11D3-BF4B-00C04F79EFBC}") = "Ait.SolarPanels.Wpf", "Ait.SolarPanels.Wpf\Ait.SolarPanels.Wpf.csproj", "{94B27D05-F0D8-48D0-806B-EDC4804B8215}"
EndProject
Project("{FAE04EC0-301F-11D3-BF4B-00C04F79EFBC}") = "Ait.SolarPanels.Core", "Ait.SolarPanels.Core\Ait.SolarPanels.Core.csproj", "{00609A28-AF84-4BDB-B513-CD4AF14F7559}"
EndProject
Global
	GlobalSection(SolutionConfigurationPlatforms) = preSolution
		Debug|Any CPU = Debug|Any CPU
		Release|Any CPU = Release|Any CPU
	EndGlobalSection
	GlobalSection(ProjectConfigurationPlatforms) = postSolution
		{94B27D05-F0D8-48D0-806B-EDC4804B8215}.Debug|Any CPU.ActiveCfg = Debug|Any CPU
		{94B27D05-F0D8-48D0-806B-EDC4804B8215}.Debug|Any CPU.Build.0 = Debug|Any CPU
		{94B27D05-F0D8-48D0-806B-EDC4804B8215}.Release|Any CPU.ActiveCfg = Release|Any CPU
		{94B27D05-F0D8-48D0-806B-EDC4804B8215}.Release|Any CPU.Build.0 = Release|Any CPU
		{00609A28-AF84-4BDB-B513-CD4AF14F7559}.Debug|Any CPU.ActiveCfg = Debug|Any CPU
		{00609A28-AF84-4BDB-B513-CD4AF14F7559}.Debug|Any CPU.Build.0 = Debug|Any CPU
		{00609A28-AF84-4BDB-B513-CD4AF14F7559}.Release|Any CPU.ActiveCfg = Release|Any CPU
		{00609A28-AF84-4BDB-B513-CD4AF14F7559}.Release|Any CPU.Build.0 = Release|Any CPU
	EndGlobalSection
	GlobalSection(SolutionProperties) = preSolution
		HideSolutionNode = FALSE
	EndGlobalSection
	GlobalSection(ExtensibilityGlobals) = postSolution
		SolutionGuid = {D22DCB8E-0CF1-4B5B-8BF6-B2B584C5E34B}
	EndGlobalSection
EndGlobal
